// !$*UTF8*$!
{
	archiveVersion = 1;
	classes = {
	};
	objectVersion = 48;
	objects = {

/* Begin PBXBuildFile section */
		D6126B8D20468CF000183A42 /* libzlib.a in Frameworks */ = {isa = PBXBuildFile; fileRef = D6126B8E20468CF000183A42 /* libzlib.a */; };
		D62AA00F2054035600A61D43 /* libHDiffPatch.a in Frameworks */ = {isa = PBXBuildFile; fileRef = D62AA0102054035600A61D43 /* libHDiffPatch.a */; };
		D62AA0152056649900A61D43 /* Patcher.cpp in Sources */ = {isa = PBXBuildFile; fileRef = D62AA0142056649900A61D43 /* Patcher.cpp */; };
		D62AA0182057621F00A61D43 /* OldRef.cpp in Sources */ = {isa = PBXBuildFile; fileRef = D62AA0172057621F00A61D43 /* OldRef.cpp */; };
		D65A4418220579B2001638A6 /* file_for_patch.c in Sources */ = {isa = PBXBuildFile; fileRef = D65A4417220579B2001638A6 /* file_for_patch.c */; };
		D671B6592047DD30002D17A7 /* Differ.cpp in Sources */ = {isa = PBXBuildFile; fileRef = D671B6582047DD30002D17A7 /* Differ.cpp */; };
		D671B72A204E7649002D17A7 /* OldStream.cpp in Sources */ = {isa = PBXBuildFile; fileRef = D671B720204E7649002D17A7 /* OldStream.cpp */; };
		D671B72B204E7649002D17A7 /* ZipDiffData.cpp in Sources */ = {isa = PBXBuildFile; fileRef = D671B721204E7649002D17A7 /* ZipDiffData.cpp */; };
		D671B72C204E7649002D17A7 /* NewStream.cpp in Sources */ = {isa = PBXBuildFile; fileRef = D671B722204E7649002D17A7 /* NewStream.cpp */; };
		D671B72D204E7649002D17A7 /* Zipper.cpp in Sources */ = {isa = PBXBuildFile; fileRef = D671B723204E7649002D17A7 /* Zipper.cpp */; };
		D671B76B204E8346002D17A7 /* zip_diff.cpp in Sources */ = {isa = PBXBuildFile; fileRef = D671B76A204E8346002D17A7 /* zip_diff.cpp */; };
		D671B76E204EA161002D17A7 /* DiffData.cpp in Sources */ = {isa = PBXBuildFile; fileRef = D671B76D204EA161002D17A7 /* DiffData.cpp */; };
		D68B02D0205A4462001F3C40 /* liblzma.a in Frameworks */ = {isa = PBXBuildFile; fileRef = D68B02D1205A4462001F3C40 /* liblzma.a */; };
/* End PBXBuildFile section */

/* Begin PBXCopyFilesBuildPhase section */
		D65119192041ADA900805001 /* CopyFiles */ = {
			isa = PBXCopyFilesBuildPhase;
			buildActionMask = 2147483647;
			dstPath = /usr/share/man/man1/;
			dstSubfolderSpec = 0;
			files = (
			);
			runOnlyForDeploymentPostprocessing = 1;
		};
/* End PBXCopyFilesBuildPhase section */

/* Begin PBXFileReference section */
		D6126B8E20468CF000183A42 /* libzlib.a */ = {isa = PBXFileReference; explicitFileType = archive.ar; path = libzlib.a; sourceTree = BUILT_PRODUCTS_DIR; };
		D62A9FB8205400B000A61D43 /* patch_types.h */ = {isa = PBXFileReference; lastKnownFileType = sourcecode.c.h; path = patch_types.h; sourceTree = "<group>"; };
		D62AA0102054035600A61D43 /* libHDiffPatch.a */ = {isa = PBXFileReference; explicitFileType = archive.ar; path = libHDiffPatch.a; sourceTree = BUILT_PRODUCTS_DIR; };
		D62AA0132056649900A61D43 /* Patcher.h */ = {isa = PBXFileReference; fileEncoding = 4; lastKnownFileType = sourcecode.c.h; path = Patcher.h; sourceTree = "<group>"; };
		D62AA0142056649900A61D43 /* Patcher.cpp */ = {isa = PBXFileReference; fileEncoding = 4; lastKnownFileType = sourcecode.cpp.cpp; path = Patcher.cpp; sourceTree = "<group>"; };
		D62AA0162057621F00A61D43 /* OldRef.h */ = {isa = PBXFileReference; lastKnownFileType = sourcecode.c.h; path = OldRef.h; sourceTree = "<group>"; };
		D62AA0172057621F00A61D43 /* OldRef.cpp */ = {isa = PBXFileReference; lastKnownFileType = sourcecode.cpp.cpp; path = OldRef.cpp; sourceTree = "<group>"; };
		D651191B2041ADA900805001 /* ZipDiff */ = {isa = PBXFileReference; explicitFileType = "compiled.mach-o.executable"; includeInIndex = 0; path = ZipDiff; sourceTree = BUILT_PRODUCTS_DIR; };
		D65A4417220579B2001638A6 /* file_for_patch.c */ = {isa = PBXFileReference; fileEncoding = 4; lastKnownFileType = sourcecode.c.c; name = file_for_patch.c; path = ../../HDiffPatch/file_for_patch.c; sourceTree = "<group>"; };
		D671B6572047DD30002D17A7 /* Differ.h */ = {isa = PBXFileReference; fileEncoding = 4; lastKnownFileType = sourcecode.c.h; path = Differ.h; sourceTree = "<group>"; };
		D671B6582047DD30002D17A7 /* Differ.cpp */ = {isa = PBXFileReference; fileEncoding = 4; lastKnownFileType = sourcecode.cpp.cpp; path = Differ.cpp; sourceTree = "<group>"; };
		D671B71F204E7649002D17A7 /* Zipper.h */ = {isa = PBXFileReference; fileEncoding = 4; lastKnownFileType = sourcecode.c.h; path = Zipper.h; sourceTree = "<group>"; };
		D671B720204E7649002D17A7 /* OldStream.cpp */ = {isa = PBXFileReference; fileEncoding = 4; lastKnownFileType = sourcecode.cpp.cpp; path = OldStream.cpp; sourceTree = "<group>"; };
		D671B721204E7649002D17A7 /* ZipDiffData.cpp */ = {isa = PBXFileReference; fileEncoding = 4; lastKnownFileType = sourcecode.cpp.cpp; path = ZipDiffData.cpp; sourceTree = "<group>"; };
		D671B722204E7649002D17A7 /* NewStream.cpp */ = {isa = PBXFileReference; fileEncoding = 4; lastKnownFileType = sourcecode.cpp.cpp; path = NewStream.cpp; sourceTree = "<group>"; };
		D671B723204E7649002D17A7 /* Zipper.cpp */ = {isa = PBXFileReference; fileEncoding = 4; lastKnownFileType = sourcecode.cpp.cpp; path = Zipper.cpp; sourceTree = "<group>"; };
		D671B724204E7649002D17A7 /* OldStream.h */ = {isa = PBXFileReference; fileEncoding = 4; lastKnownFileType = sourcecode.c.h; path = OldStream.h; sourceTree = "<group>"; };
		D671B725204E7649002D17A7 /* ZipDiffData.h */ = {isa = PBXFileReference; fileEncoding = 4; lastKnownFileType = sourcecode.c.h; path = ZipDiffData.h; sourceTree = "<group>"; };
		D671B727204E7649002D17A7 /* NewStream.h */ = {isa = PBXFileReference; fileEncoding = 4; lastKnownFileType = sourcecode.c.h; path = NewStream.h; sourceTree = "<group>"; };
		D671B76A204E8346002D17A7 /* zip_diff.cpp */ = {isa = PBXFileReference; fileEncoding = 4; lastKnownFileType = sourcecode.cpp.cpp; name = zip_diff.cpp; path = ../../src/zip_diff.cpp; sourceTree = "<group>"; };
		D671B76C204EA161002D17A7 /* DiffData.h */ = {isa = PBXFileReference; lastKnownFileType = sourcecode.c.h; path = DiffData.h; sourceTree = "<group>"; };
		D671B76D204EA161002D17A7 /* DiffData.cpp */ = {isa = PBXFileReference; lastKnownFileType = sourcecode.cpp.cpp; path = DiffData.cpp; sourceTree = "<group>"; };
		D68B02D1205A4462001F3C40 /* liblzma.a */ = {isa = PBXFileReference; explicitFileType = archive.ar; path = liblzma.a; sourceTree = BUILT_PRODUCTS_DIR; };
/* End PBXFileReference section */

/* Begin PBXFrameworksBuildPhase section */
		D65119182041ADA900805001 /* Frameworks */ = {
			isa = PBXFrameworksBuildPhase;
			buildActionMask = 2147483647;
			files = (
				D68B02D0205A4462001F3C40 /* liblzma.a in Frameworks */,
				D62AA00F2054035600A61D43 /* libHDiffPatch.a in Frameworks */,
				D6126B8D20468CF000183A42 /* libzlib.a in Frameworks */,
			);
			runOnlyForDeploymentPostprocessing = 0;
		};
/* End PBXFrameworksBuildPhase section */

/* Begin PBXGroup section */
		D6126B8C20468CF000183A42 /* Frameworks */ = {
			isa = PBXGroup;
			children = (
				D68B02D1205A4462001F3C40 /* liblzma.a */,
				D62AA0102054035600A61D43 /* libHDiffPatch.a */,
				D6126B8E20468CF000183A42 /* libzlib.a */,
			);
			name = Frameworks;
			sourceTree = "<group>";
		};
		D65119122041ADA900805001 = {
			isa = PBXGroup;
			children = (
				D65A4417220579B2001638A6 /* file_for_patch.c */,
				D671B76A204E8346002D17A7 /* zip_diff.cpp */,
				D671B75E204E81D1002D17A7 /* diff */,
				D671B71E204E7649002D17A7 /* patch */,
				D651191C2041ADA900805001 /* Products */,
				D6126B8C20468CF000183A42 /* Frameworks */,
			);
			sourceTree = "<group>";
		};
		D651191C2041ADA900805001 /* Products */ = {
			isa = PBXGroup;
			children = (
				D651191B2041ADA900805001 /* ZipDiff */,
			);
			name = Products;
			sourceTree = "<group>";
		};
		D671B71E204E7649002D17A7 /* patch */ = {
			isa = PBXGroup;
			children = (
				D62AA0142056649900A61D43 /* Patcher.cpp */,
				D62AA0132056649900A61D43 /* Patcher.h */,
				D62A9FB8205400B000A61D43 /* patch_types.h */,
				D671B71F204E7649002D17A7 /* Zipper.h */,
				D671B723204E7649002D17A7 /* Zipper.cpp */,
				D671B720204E7649002D17A7 /* OldStream.cpp */,
				D671B724204E7649002D17A7 /* OldStream.h */,
				D671B721204E7649002D17A7 /* ZipDiffData.cpp */,
				D671B725204E7649002D17A7 /* ZipDiffData.h */,
				D671B722204E7649002D17A7 /* NewStream.cpp */,
				D671B727204E7649002D17A7 /* NewStream.h */,
			);
			name = patch;
			path = ../../src/patch;
			sourceTree = "<group>";
		};
		D671B75E204E81D1002D17A7 /* diff */ = {
			isa = PBXGroup;
			children = (
				D671B6582047DD30002D17A7 /* Differ.cpp */,
				D671B6572047DD30002D17A7 /* Differ.h */,
				D671B76C204EA161002D17A7 /* DiffData.h */,
				D671B76D204EA161002D17A7 /* DiffData.cpp */,
				D62AA0162057621F00A61D43 /* OldRef.h */,
				D62AA0172057621F00A61D43 /* OldRef.cpp */,
			);
			name = diff;
			path = ../../src/diff;
			sourceTree = "<group>";
		};
/* End PBXGroup section */

/* Begin PBXNativeTarget section */
		D651191A2041ADA900805001 /* ZipDiff */ = {
			isa = PBXNativeTarget;
			buildConfigurationList = D65119222041ADA900805001 /* Build configuration list for PBXNativeTarget "ZipDiff" */;
			buildPhases = (
				D65119172041ADA900805001 /* Sources */,
				D65119182041ADA900805001 /* Frameworks */,
				D65119192041ADA900805001 /* CopyFiles */,
			);
			buildRules = (
			);
			dependencies = (
			);
			name = ZipDiff;
			productName = ZipDiff;
			productReference = D651191B2041ADA900805001 /* ZipDiff */;
			productType = "com.apple.product-type.tool";
		};
/* End PBXNativeTarget section */

/* Begin PBXProject section */
		D65119132041ADA900805001 /* Project object */ = {
			isa = PBXProject;
			attributes = {
				LastUpgradeCheck = 1200;
				ORGANIZATIONNAME = housisong;
				TargetAttributes = {
					D651191A2041ADA900805001 = {
						CreatedOnToolsVersion = 9.2;
						ProvisioningStyle = Automatic;
					};
				};
			};
			buildConfigurationList = D65119162041ADA900805001 /* Build configuration list for PBXProject "ZipDiff" */;
			compatibilityVersion = "Xcode 8.0";
			developmentRegion = en;
			hasScannedForEncodings = 0;
			knownRegions = (
				en,
				Base,
			);
			mainGroup = D65119122041ADA900805001;
			productRefGroup = D651191C2041ADA900805001 /* Products */;
			projectDirPath = "";
			projectRoot = "";
			targets = (
				D651191A2041ADA900805001 /* ZipDiff */,
			);
		};
/* End PBXProject section */

/* Begin PBXSourcesBuildPhase section */
		D65119172041ADA900805001 /* Sources */ = {
			isa = PBXSourcesBuildPhase;
			buildActionMask = 2147483647;
			files = (
				D65A4418220579B2001638A6 /* file_for_patch.c in Sources */,
				D671B6592047DD30002D17A7 /* Differ.cpp in Sources */,
				D671B72D204E7649002D17A7 /* Zipper.cpp in Sources */,
				D671B72A204E7649002D17A7 /* OldStream.cpp in Sources */,
				D62AA0152056649900A61D43 /* Patcher.cpp in Sources */,
				D671B76E204EA161002D17A7 /* DiffData.cpp in Sources */,
				D62AA0182057621F00A61D43 /* OldRef.cpp in Sources */,
				D671B72C204E7649002D17A7 /* NewStream.cpp in Sources */,
				D671B76B204E8346002D17A7 /* zip_diff.cpp in Sources */,
				D671B72B204E7649002D17A7 /* ZipDiffData.cpp in Sources */,
			);
			runOnlyForDeploymentPostprocessing = 0;
		};
/* End PBXSourcesBuildPhase section */

/* Begin XCBuildConfiguration section */
		D65119202041ADA900805001 /* Debug */ = {
			isa = XCBuildConfiguration;
			buildSettings = {
				ALWAYS_SEARCH_USER_PATHS = NO;
				CLANG_ANALYZER_NONNULL = YES;
				CLANG_ANALYZER_NUMBER_OBJECT_CONVERSION = YES_AGGRESSIVE;
				CLANG_CXX_LANGUAGE_STANDARD = "compiler-default";
				CLANG_CXX_LIBRARY = "libc++";
				CLANG_ENABLE_MODULES = YES;
				CLANG_ENABLE_OBJC_ARC = YES;
				CLANG_WARN_BLOCK_CAPTURE_AUTORELEASING = YES;
				CLANG_WARN_BOOL_CONVERSION = YES;
				CLANG_WARN_COMMA = YES;
				CLANG_WARN_CONSTANT_CONVERSION = YES;
				CLANG_WARN_DEPRECATED_OBJC_IMPLEMENTATIONS = YES;
				CLANG_WARN_DIRECT_OBJC_ISA_USAGE = YES_ERROR;
				CLANG_WARN_DOCUMENTATION_COMMENTS = YES;
				CLANG_WARN_EMPTY_BODY = YES;
				CLANG_WARN_ENUM_CONVERSION = YES;
				CLANG_WARN_INFINITE_RECURSION = YES;
				CLANG_WARN_INT_CONVERSION = YES;
				CLANG_WARN_NON_LITERAL_NULL_CONVERSION = YES;
				CLANG_WARN_OBJC_IMPLICIT_RETAIN_SELF = YES;
				CLANG_WARN_OBJC_LITERAL_CONVERSION = YES;
				CLANG_WARN_OBJC_ROOT_CLASS = YES_ERROR;
				CLANG_WARN_QUOTED_INCLUDE_IN_FRAMEWORK_HEADER = YES;
				CLANG_WARN_RANGE_LOOP_ANALYSIS = YES;
				CLANG_WARN_STRICT_PROTOTYPES = YES;
				CLANG_WARN_SUSPICIOUS_MOVE = YES;
				CLANG_WARN_UNGUARDED_AVAILABILITY = YES_AGGRESSIVE;
				CLANG_WARN_UNREACHABLE_CODE = YES;
				CLANG_WARN__DUPLICATE_METHOD_MATCH = YES;
				CODE_SIGN_IDENTITY = "-";
				DEBUG_INFORMATION_FORMAT = dwarf;
				ENABLE_STRICT_OBJC_MSGSEND = YES;
				ENABLE_TESTABILITY = YES;
				GCC_C_LANGUAGE_STANDARD = "compiler-default";
				GCC_DYNAMIC_NO_PIC = NO;
				GCC_NO_COMMON_BLOCKS = YES;
				GCC_OPTIMIZATION_LEVEL = 0;
				GCC_PREPROCESSOR_DEFINITIONS = (
					"DEBUG=1",
					"$(inherited)",
				);
				GCC_WARN_64_TO_32_BIT_CONVERSION = YES;
				GCC_WARN_ABOUT_RETURN_TYPE = YES_ERROR;
				GCC_WARN_UNDECLARED_SELECTOR = YES;
				GCC_WARN_UNINITIALIZED_AUTOS = YES_AGGRESSIVE;
				GCC_WARN_UNUSED_FUNCTION = YES;
				GCC_WARN_UNUSED_VARIABLE = YES;
				MACOSX_DEPLOYMENT_TARGET = 10.9;
				MTL_ENABLE_DEBUG_INFO = YES;
				ONLY_ACTIVE_ARCH = YES;
				SDKROOT = macosx;
			};
			name = Debug;
		};
		D65119212041ADA900805001 /* Release */ = {
			isa = XCBuildConfiguration;
			buildSettings = {
				ALWAYS_SEARCH_USER_PATHS = NO;
				CLANG_ANALYZER_NONNULL = YES;
				CLANG_ANALYZER_NUMBER_OBJECT_CONVERSION = YES_AGGRESSIVE;
				CLANG_CXX_LANGUAGE_STANDARD = "compiler-default";
				CLANG_CXX_LIBRARY = "libc++";
				CLANG_ENABLE_MODULES = YES;
				CLANG_ENABLE_OBJC_ARC = YES;
				CLANG_WARN_BLOCK_CAPTURE_AUTORELEASING = YES;
				CLANG_WARN_BOOL_CONVERSION = YES;
				CLANG_WARN_COMMA = YES;
				CLANG_WARN_CONSTANT_CONVERSION = YES;
				CLANG_WARN_DEPRECATED_OBJC_IMPLEMENTATIONS = YES;
				CLANG_WARN_DIRECT_OBJC_ISA_USAGE = YES_ERROR;
				CLANG_WARN_DOCUMENTATION_COMMENTS = YES;
				CLANG_WARN_EMPTY_BODY = YES;
				CLANG_WARN_ENUM_CONVERSION = YES;
				CLANG_WARN_INFINITE_RECURSION = YES;
				CLANG_WARN_INT_CONVERSION = YES;
				CLANG_WARN_NON_LITERAL_NULL_CONVERSION = YES;
				CLANG_WARN_OBJC_IMPLICIT_RETAIN_SELF = YES;
				CLANG_WARN_OBJC_LITERAL_CONVERSION = YES;
				CLANG_WARN_OBJC_ROOT_CLASS = YES_ERROR;
				CLANG_WARN_QUOTED_INCLUDE_IN_FRAMEWORK_HEADER = YES;
				CLANG_WARN_RANGE_LOOP_ANALYSIS = YES;
				CLANG_WARN_STRICT_PROTOTYPES = YES;
				CLANG_WARN_SUSPICIOUS_MOVE = YES;
				CLANG_WARN_UNGUARDED_AVAILABILITY = YES_AGGRESSIVE;
				CLANG_WARN_UNREACHABLE_CODE = YES;
				CLANG_WARN__DUPLICATE_METHOD_MATCH = YES;
				CODE_SIGN_IDENTITY = "-";
				DEAD_CODE_STRIPPING = YES;
				DEBUG_INFORMATION_FORMAT = "dwarf-with-dsym";
				DEPLOYMENT_POSTPROCESSING = YES;
				ENABLE_NS_ASSERTIONS = NO;
				ENABLE_STRICT_OBJC_MSGSEND = YES;
				GCC_C_LANGUAGE_STANDARD = "compiler-default";
				GCC_NO_COMMON_BLOCKS = YES;
				GCC_OPTIMIZATION_LEVEL = s;
				GCC_PREPROCESSOR_DEFINITIONS = "";
				GCC_WARN_64_TO_32_BIT_CONVERSION = YES;
				GCC_WARN_ABOUT_RETURN_TYPE = YES_ERROR;
				GCC_WARN_UNDECLARED_SELECTOR = YES;
				GCC_WARN_UNINITIALIZED_AUTOS = YES_AGGRESSIVE;
				GCC_WARN_UNUSED_FUNCTION = YES;
				GCC_WARN_UNUSED_VARIABLE = YES;
				MACOSX_DEPLOYMENT_TARGET = 10.9;
				MTL_ENABLE_DEBUG_INFO = NO;
				SDKROOT = macosx;
			};
			name = Release;
		};
		D65119232041ADA900805001 /* Debug */ = {
			isa = XCBuildConfiguration;
			buildSettings = {
				CODE_SIGN_IDENTITY = "-";
				CODE_SIGN_STYLE = Automatic;
				GCC_PREPROCESSOR_DEFINITIONS = (
					"DEBUG=1",
					"$(inherited)",
				);
				PRODUCT_NAME = "$(TARGET_NAME)";
			};
			name = Debug;
		};
		D65119242041ADA900805001 /* Release */ = {
			isa = XCBuildConfiguration;
			buildSettings = {
				CODE_SIGN_IDENTITY = "-";
				CODE_SIGN_STYLE = Automatic;
				GCC_PREPROCESSOR_DEFINITIONS = "";
				PRODUCT_NAME = "$(TARGET_NAME)";
			};
			name = Release;
		};
/* End XCBuildConfiguration section */

/* Begin XCConfigurationList section */
		D65119162041ADA900805001 /* Build configuration list for PBXProject "ZipDiff" */ = {
			isa = XCConfigurationList;
			buildConfigurations = (
				D65119202041ADA900805001 /* Debug */,
				D65119212041ADA900805001 /* Release */,
			);
			defaultConfigurationIsVisible = 0;
			defaultConfigurationName = Release;
		};
		D65119222041ADA900805001 /* Build configuration list for PBXNativeTarget "ZipDiff" */ = {
			isa = XCConfigurationList;
			buildConfigurations = (
				D65119232041ADA900805001 /* Debug */,
				D65119242041ADA900805001 /* Release */,
			);
			defaultConfigurationIsVisible = 0;
			defaultConfigurationName = Release;
		};
/* End XCConfigurationList section */
	};
	rootObject = D65119132041ADA900805001 /* Project object */;
}
