// !$*UTF8*$!
{
	archiveVersion = 1;
	classes = {
	};
	objectVersion = 48;
	objects = {

/* Begin PBXBuildFile section */
		D6126B8A20468CE400183A42 /* libzlib.a in Frameworks */ = {isa = PBXBuildFile; fileRef = D6126B8B20468CE400183A42 /* libzlib.a */; };
		D6126B91204697FC00183A42 /* ZipDiffData.cpp in Sources */ = {isa = PBXBuildFile; fileRef = D6126B90204697FC00183A42 /* ZipDiffData.cpp */; };
		D6126BE62047B98500183A42 /* patch.c in Sources */ = {isa = PBXBuildFile; fileRef = D6126BE42047B98500183A42 /* patch.c */; };
		D6126BE92047BF8C00183A42 /* OldStream.cpp in Sources */ = {isa = PBXBuildFile; fileRef = D6126BE82047BF8C00183A42 /* OldStream.cpp */; };
		D6126BEC2047BFC900183A42 /* NewStream.cpp in Sources */ = {isa = PBXBuildFile; fileRef = D6126BEB2047BFC900183A42 /* NewStream.cpp */; };
		D65A440F22056EC6001638A6 /* file_for_patch.c in Sources */ = {isa = PBXBuildFile; fileRef = D65A440E22056EC6001638A6 /* file_for_patch.c */; };
		D671B767204E82CD002D17A7 /* Patcher.cpp in Sources */ = {isa = PBXBuildFile; fileRef = D671B766204E82CD002D17A7 /* Patcher.cpp */; };
		D671B769204E82F4002D17A7 /* zip_patch.cpp in Sources */ = {isa = PBXBuildFile; fileRef = D671B768204E82F4002D17A7 /* zip_patch.cpp */; };
		D688888D204688640042E2B3 /* Zipper.cpp in Sources */ = {isa = PBXBuildFile; fileRef = D6888889204688640042E2B3 /* Zipper.cpp */; };
		D68B02D3205A44B0001F3C40 /* LzmaDec.c in Sources */ = {isa = PBXBuildFile; fileRef = D68B02D2205A44B0001F3C40 /* LzmaDec.c */; };
		D69EECE6220EC4DE001EF085 /* parallel_channel.cpp in Sources */ = {isa = PBXBuildFile; fileRef = D69EECE2220EC4DD001EF085 /* parallel_channel.cpp */; };
		D69EECE7220EC4DE001EF085 /* parallel_import.cpp in Sources */ = {isa = PBXBuildFile; fileRef = D69EECE4220EC4DD001EF085 /* parallel_import.cpp */; };
/* End PBXBuildFile section */

/* Begin PBXCopyFilesBuildPhase section */
		D65119032041A9B400805001 /* CopyFiles */ = {
			isa = PBXCopyFilesBuildPhase;
			buildActionMask = 2147483647;
			dstPath = /usr/share/man/man1/;
			dstSubfolderSpec = 0;
			files = (
			);
			runOnlyForDeploymentPostprocessing = 1;
		};
/* End PBXCopyFilesBuildPhase section */

/* Begin PBXFileReference section */
		D6126B8B20468CE400183A42 /* libzlib.a */ = {isa = PBXFileReference; explicitFileType = archive.ar; path = libzlib.a; sourceTree = BUILT_PRODUCTS_DIR; };
		D6126B8F204697FC00183A42 /* ZipDiffData.h */ = {isa = PBXFileReference; lastKnownFileType = sourcecode.c.h; path = ZipDiffData.h; sourceTree = "<group>"; };
		D6126B90204697FC00183A42 /* ZipDiffData.cpp */ = {isa = PBXFileReference; lastKnownFileType = sourcecode.cpp.cpp; path = ZipDiffData.cpp; sourceTree = "<group>"; };
		D6126BE32047B98500183A42 /* patch_types.h */ = {isa = PBXFileReference; fileEncoding = 4; lastKnownFileType = sourcecode.c.h; path = patch_types.h; sourceTree = "<group>"; };
		D6126BE42047B98500183A42 /* patch.c */ = {isa = PBXFileReference; fileEncoding = 4; lastKnownFileType = sourcecode.c.c; path = patch.c; sourceTree = "<group>"; };
		D6126BE52047B98500183A42 /* patch.h */ = {isa = PBXFileReference; fileEncoding = 4; lastKnownFileType = sourcecode.c.h; path = patch.h; sourceTree = "<group>"; };
		D6126BE72047BF8C00183A42 /* OldStream.h */ = {isa = PBXFileReference; lastKnownFileType = sourcecode.c.h; path = OldStream.h; sourceTree = "<group>"; };
		D6126BE82047BF8C00183A42 /* OldStream.cpp */ = {isa = PBXFileReference; lastKnownFileType = sourcecode.cpp.cpp; path = OldStream.cpp; sourceTree = "<group>"; };
		D6126BEA2047BFC900183A42 /* NewStream.h */ = {isa = PBXFileReference; lastKnownFileType = sourcecode.c.h; path = NewStream.h; sourceTree = "<group>"; };
		D6126BEB2047BFC900183A42 /* NewStream.cpp */ = {isa = PBXFileReference; lastKnownFileType = sourcecode.cpp.cpp; path = NewStream.cpp; sourceTree = "<group>"; };
		D65119052041A9B400805001 /* ZipPatch */ = {isa = PBXFileReference; explicitFileType = "compiled.mach-o.executable"; includeInIndex = 0; path = ZipPatch; sourceTree = BUILT_PRODUCTS_DIR; };
		D65A440E22056EC6001638A6 /* file_for_patch.c */ = {isa = PBXFileReference; fileEncoding = 4; lastKnownFileType = sourcecode.c.c; name = file_for_patch.c; path = ../../HDiffPatch/file_for_patch.c; sourceTree = "<group>"; };
		D66B49CE205A252F002BF30A /* patch_types.h */ = {isa = PBXFileReference; fileEncoding = 4; lastKnownFileType = sourcecode.c.h; path = patch_types.h; sourceTree = "<group>"; };
		D671B765204E82CD002D17A7 /* Patcher.h */ = {isa = PBXFileReference; fileEncoding = 4; lastKnownFileType = sourcecode.c.h; path = Patcher.h; sourceTree = "<group>"; };
		D671B766204E82CD002D17A7 /* Patcher.cpp */ = {isa = PBXFileReference; fileEncoding = 4; lastKnownFileType = sourcecode.cpp.cpp; path = Patcher.cpp; sourceTree = "<group>"; };
		D671B768204E82F4002D17A7 /* zip_patch.cpp */ = {isa = PBXFileReference; fileEncoding = 4; lastKnownFileType = sourcecode.cpp.cpp; name = zip_patch.cpp; path = ../../src/zip_patch.cpp; sourceTree = "<group>"; };
		D6888888204688640042E2B3 /* Zipper.h */ = {isa = PBXFileReference; fileEncoding = 4; lastKnownFileType = sourcecode.c.h; path = Zipper.h; sourceTree = "<group>"; };
		D6888889204688640042E2B3 /* Zipper.cpp */ = {isa = PBXFileReference; fileEncoding = 4; lastKnownFileType = sourcecode.cpp.cpp; path = Zipper.cpp; sourceTree = "<group>"; };
		D68B02D2205A44B0001F3C40 /* LzmaDec.c */ = {isa = PBXFileReference; fileEncoding = 4; lastKnownFileType = sourcecode.c.c; name = LzmaDec.c; path = ../../lzma/C/LzmaDec.c; sourceTree = "<group>"; };
		D69EECE2220EC4DD001EF085 /* parallel_channel.cpp */ = {isa = PBXFileReference; fileEncoding = 4; lastKnownFileType = sourcecode.cpp.cpp; path = parallel_channel.cpp; sourceTree = "<group>"; };
		D69EECE3220EC4DD001EF085 /* parallel_import.h */ = {isa = PBXFileReference; fileEncoding = 4; lastKnownFileType = sourcecode.c.h; path = parallel_import.h; sourceTree = "<group>"; };
		D69EECE4220EC4DD001EF085 /* parallel_import.cpp */ = {isa = PBXFileReference; fileEncoding = 4; lastKnownFileType = sourcecode.cpp.cpp; path = parallel_import.cpp; sourceTree = "<group>"; };
		D69EECE5220EC4DD001EF085 /* parallel_channel.h */ = {isa = PBXFileReference; fileEncoding = 4; lastKnownFileType = sourcecode.c.h; path = parallel_channel.h; sourceTree = "<group>"; };
/* End PBXFileReference section */

/* Begin PBXFrameworksBuildPhase section */
		D65119022041A9B400805001 /* Frameworks */ = {
			isa = PBXFrameworksBuildPhase;
			buildActionMask = 2147483647;
			files = (
				D6126B8A20468CE400183A42 /* libzlib.a in Frameworks */,
			);
			runOnlyForDeploymentPostprocessing = 0;
		};
/* End PBXFrameworksBuildPhase section */

/* Begin PBXGroup section */
		D6126B8920468CE400183A42 /* Frameworks */ = {
			isa = PBXGroup;
			children = (
				D6126B8B20468CE400183A42 /* libzlib.a */,
			);
			name = Frameworks;
			sourceTree = "<group>";
		};
		D6126BBC2047B65E00183A42 /* HDiffPatch */ = {
			isa = PBXGroup;
			children = (
				D69EECE1220EC4DD001EF085 /* libParallel */,
				D6126BE22047B98500183A42 /* HPatch */,
			);
			name = HDiffPatch;
			sourceTree = "<group>";
		};
		D6126BE22047B98500183A42 /* HPatch */ = {
			isa = PBXGroup;
			children = (
				D6126BE32047B98500183A42 /* patch_types.h */,
				D6126BE42047B98500183A42 /* patch.c */,
				D6126BE52047B98500183A42 /* patch.h */,
			);
			name = HPatch;
			path = ../../HDiffPatch/libHDiffPatch/HPatch;
			sourceTree = "<group>";
		};
		D65118FC2041A9B400805001 = {
			isa = PBXGroup;
			children = (
				D65A440E22056EC6001638A6 /* file_for_patch.c */,
				D671B768204E82F4002D17A7 /* zip_patch.cpp */,
				D6888887204688640042E2B3 /* patch */,
				D66B49CF205A3534002BF30A /* lzma */,
				D6126BBC2047B65E00183A42 /* HDiffPatch */,
				D65119062041A9B400805001 /* Products */,
				D6126B8920468CE400183A42 /* Frameworks */,
			);
			sourceTree = "<group>";
		};
		D65119062041A9B400805001 /* Products */ = {
			isa = PBXGroup;
			children = (
				D65119052041A9B400805001 /* ZipPatch */,
			);
			name = Products;
			sourceTree = "<group>";
		};
		D66B49CF205A3534002BF30A /* lzma */ = {
			isa = PBXGroup;
			children = (
				D68B02D2205A44B0001F3C40 /* LzmaDec.c */,
			);
			name = lzma;
			sourceTree = "<group>";
		};
		D6888887204688640042E2B3 /* patch */ = {
			isa = PBXGroup;
			children = (
				D66B49CE205A252F002BF30A /* patch_types.h */,
				D671B766204E82CD002D17A7 /* Patcher.cpp */,
				D671B765204E82CD002D17A7 /* Patcher.h */,
				D6888888204688640042E2B3 /* Zipper.h */,
				D6888889204688640042E2B3 /* Zipper.cpp */,
				D6126B8F204697FC00183A42 /* ZipDiffData.h */,
				D6126B90204697FC00183A42 /* ZipDiffData.cpp */,
				D6126BE72047BF8C00183A42 /* OldStream.h */,
				D6126BE82047BF8C00183A42 /* OldStream.cpp */,
				D6126BEA2047BFC900183A42 /* NewStream.h */,
				D6126BEB2047BFC900183A42 /* NewStream.cpp */,
			);
			name = patch;
			path = ../../src/patch;
			sourceTree = "<group>";
		};
		D69EECE1220EC4DD001EF085 /* libParallel */ = {
			isa = PBXGroup;
			children = (
				D69EECE2220EC4DD001EF085 /* parallel_channel.cpp */,
				D69EECE3220EC4DD001EF085 /* parallel_import.h */,
				D69EECE4220EC4DD001EF085 /* parallel_import.cpp */,
				D69EECE5220EC4DD001EF085 /* parallel_channel.h */,
			);
			name = libParallel;
			path = ../../HDiffPatch/libParallel;
			sourceTree = "<group>";
		};
/* End PBXGroup section */

/* Begin PBXNativeTarget section */
		D65119042041A9B400805001 /* ZipPatch */ = {
			isa = PBXNativeTarget;
			buildConfigurationList = D651190C2041A9B400805001 /* Build configuration list for PBXNativeTarget "ZipPatch" */;
			buildPhases = (
				D65119012041A9B400805001 /* Sources */,
				D65119022041A9B400805001 /* Frameworks */,
				D65119032041A9B400805001 /* CopyFiles */,
			);
			buildRules = (
			);
			dependencies = (
			);
			name = ZipPatch;
			productName = ZipPatch;
			productReference = D65119052041A9B400805001 /* ZipPatch */;
			productType = "com.apple.product-type.tool";
		};
/* End PBXNativeTarget section */

/* Begin PBXProject section */
		D65118FD2041A9B400805001 /* Project object */ = {
			isa = PBXProject;
			attributes = {
				LastUpgradeCheck = 1000;
				ORGANIZATIONNAME = housisong;
				TargetAttributes = {
					D65119042041A9B400805001 = {
						CreatedOnToolsVersion = 9.2;
						ProvisioningStyle = Automatic;
					};
				};
			};
			buildConfigurationList = D65119002041A9B400805001 /* Build configuration list for PBXProject "ZipPatch" */;
			compatibilityVersion = "Xcode 8.0";
			developmentRegion = en;
			hasScannedForEncodings = 0;
			knownRegions = (
				en,
			);
			mainGroup = D65118FC2041A9B400805001;
			productRefGroup = D65119062041A9B400805001 /* Products */;
			projectDirPath = "";
			projectRoot = "";
			targets = (
				D65119042041A9B400805001 /* ZipPatch */,
			);
		};
/* End PBXProject section */

/* Begin PBXSourcesBuildPhase section */
		D65119012041A9B400805001 /* Sources */ = {
			isa = PBXSourcesBuildPhase;
			buildActionMask = 2147483647;
			files = (
				D65A440F22056EC6001638A6 /* file_for_patch.c in Sources */,
				D671B769204E82F4002D17A7 /* zip_patch.cpp in Sources */,
				D6126BE62047B98500183A42 /* patch.c in Sources */,
				D68B02D3205A44B0001F3C40 /* LzmaDec.c in Sources */,
				D688888D204688640042E2B3 /* Zipper.cpp in Sources */,
				D6126BEC2047BFC900183A42 /* NewStream.cpp in Sources */,
				D69EECE6220EC4DE001EF085 /* parallel_channel.cpp in Sources */,
				D6126BE92047BF8C00183A42 /* OldStream.cpp in Sources */,
				D6126B91204697FC00183A42 /* ZipDiffData.cpp in Sources */,
				D69EECE7220EC4DE001EF085 /* parallel_import.cpp in Sources */,
				D671B767204E82CD002D17A7 /* Patcher.cpp in Sources */,
			);
			runOnlyForDeploymentPostprocessing = 0;
		};
/* End PBXSourcesBuildPhase section */

/* Begin XCBuildConfiguration section */
		D651190A2041A9B400805001 /* Debug */ = {
			isa = XCBuildConfiguration;
			buildSettings = {
				ALWAYS_SEARCH_USER_PATHS = NO;
				CLANG_ANALYZER_NONNULL = YES;
				CLANG_ANALYZER_NUMBER_OBJECT_CONVERSION = YES_AGGRESSIVE;
				CLANG_CXX_LANGUAGE_STANDARD = "c++0x";
				CLANG_CXX_LIBRARY = "libc++";
				CLANG_ENABLE_MODULES = YES;
				CLANG_ENABLE_OBJC_ARC = YES;
				CLANG_WARN_BLOCK_CAPTURE_AUTORELEASING = YES;
				CLANG_WARN_BOOL_CONVERSION = YES;
				CLANG_WARN_COMMA = YES;
				CLANG_WARN_CONSTANT_CONVERSION = YES;
				CLANG_WARN_DEPRECATED_OBJC_IMPLEMENTATIONS = YES;
				CLANG_WARN_DIRECT_OBJC_ISA_USAGE = YES_ERROR;
				CLANG_WARN_DOCUMENTATION_COMMENTS = YES;
				CLANG_WARN_EMPTY_BODY = YES;
				CLANG_WARN_ENUM_CONVERSION = YES;
				CLANG_WARN_INFINITE_RECURSION = YES;
				CLANG_WARN_INT_CONVERSION = YES;
				CLANG_WARN_NON_LITERAL_NULL_CONVERSION = YES;
				CLANG_WARN_OBJC_IMPLICIT_RETAIN_SELF = YES;
				CLANG_WARN_OBJC_LITERAL_CONVERSION = YES;
				CLANG_WARN_OBJC_ROOT_CLASS = YES_ERROR;
				CLANG_WARN_RANGE_LOOP_ANALYSIS = YES;
				CLANG_WARN_STRICT_PROTOTYPES = YES;
				CLANG_WARN_SUSPICIOUS_MOVE = YES;
				CLANG_WARN_UNGUARDED_AVAILABILITY = YES_AGGRESSIVE;
				CLANG_WARN_UNREACHABLE_CODE = YES;
				CLANG_WARN__DUPLICATE_METHOD_MATCH = YES;
				CODE_SIGN_IDENTITY = "-";
				DEBUG_INFORMATION_FORMAT = dwarf;
				ENABLE_STRICT_OBJC_MSGSEND = YES;
				ENABLE_TESTABILITY = YES;
				GCC_C_LANGUAGE_STANDARD = "compiler-default";
				GCC_DYNAMIC_NO_PIC = NO;
				GCC_NO_COMMON_BLOCKS = YES;
				GCC_OPTIMIZATION_LEVEL = 0;
				GCC_PREPROCESSOR_DEFINITIONS = (
					"DEBUG=1",
					"$(inherited)",
				);
				GCC_WARN_64_TO_32_BIT_CONVERSION = YES;
				GCC_WARN_ABOUT_RETURN_TYPE = YES_ERROR;
				GCC_WARN_UNDECLARED_SELECTOR = YES;
				GCC_WARN_UNINITIALIZED_AUTOS = YES_AGGRESSIVE;
				GCC_WARN_UNUSED_FUNCTION = YES;
				GCC_WARN_UNUSED_VARIABLE = YES;
				MACOSX_DEPLOYMENT_TARGET = 10.7;
				MTL_ENABLE_DEBUG_INFO = YES;
				ONLY_ACTIVE_ARCH = YES;
				SDKROOT = macosx;
				VALID_ARCHS = x86_64;
			};
			name = Debug;
		};
		D651190B2041A9B400805001 /* Release */ = {
			isa = XCBuildConfiguration;
			buildSettings = {
				ALWAYS_SEARCH_USER_PATHS = NO;
				CLANG_ANALYZER_NONNULL = YES;
				CLANG_ANALYZER_NUMBER_OBJECT_CONVERSION = YES_AGGRESSIVE;
				CLANG_CXX_LANGUAGE_STANDARD = "c++0x";
				CLANG_CXX_LIBRARY = "libc++";
				CLANG_ENABLE_MODULES = YES;
				CLANG_ENABLE_OBJC_ARC = YES;
				CLANG_WARN_BLOCK_CAPTURE_AUTORELEASING = YES;
				CLANG_WARN_BOOL_CONVERSION = YES;
				CLANG_WARN_COMMA = YES;
				CLANG_WARN_CONSTANT_CONVERSION = YES;
				CLANG_WARN_DEPRECATED_OBJC_IMPLEMENTATIONS = YES;
				CLANG_WARN_DIRECT_OBJC_ISA_USAGE = YES_ERROR;
				CLANG_WARN_DOCUMENTATION_COMMENTS = YES;
				CLANG_WARN_EMPTY_BODY = YES;
				CLANG_WARN_ENUM_CONVERSION = YES;
				CLANG_WARN_INFINITE_RECURSION = YES;
				CLANG_WARN_INT_CONVERSION = YES;
				CLANG_WARN_NON_LITERAL_NULL_CONVERSION = YES;
				CLANG_WARN_OBJC_IMPLICIT_RETAIN_SELF = YES;
				CLANG_WARN_OBJC_LITERAL_CONVERSION = YES;
				CLANG_WARN_OBJC_ROOT_CLASS = YES_ERROR;
				CLANG_WARN_RANGE_LOOP_ANALYSIS = YES;
				CLANG_WARN_STRICT_PROTOTYPES = YES;
				CLANG_WARN_SUSPICIOUS_MOVE = YES;
				CLANG_WARN_UNGUARDED_AVAILABILITY = YES_AGGRESSIVE;
				CLANG_WARN_UNREACHABLE_CODE = YES;
				CLANG_WARN__DUPLICATE_METHOD_MATCH = YES;
				CODE_SIGN_IDENTITY = "-";
				DEAD_CODE_STRIPPING = YES;
				DEBUG_INFORMATION_FORMAT = "dwarf-with-dsym";
				DEPLOYMENT_POSTPROCESSING = YES;
				ENABLE_NS_ASSERTIONS = NO;
				ENABLE_STRICT_OBJC_MSGSEND = YES;
				GCC_C_LANGUAGE_STANDARD = "compiler-default";
				GCC_NO_COMMON_BLOCKS = YES;
				GCC_OPTIMIZATION_LEVEL = s;
				GCC_PREPROCESSOR_DEFINITIONS = NDEBUG;
				GCC_WARN_64_TO_32_BIT_CONVERSION = YES;
				GCC_WARN_ABOUT_RETURN_TYPE = YES_ERROR;
				GCC_WARN_UNDECLARED_SELECTOR = YES;
				GCC_WARN_UNINITIALIZED_AUTOS = YES_AGGRESSIVE;
				GCC_WARN_UNUSED_FUNCTION = YES;
				GCC_WARN_UNUSED_VARIABLE = YES;
				MACOSX_DEPLOYMENT_TARGET = 10.7;
				MTL_ENABLE_DEBUG_INFO = NO;
				SDKROOT = macosx;
				VALID_ARCHS = x86_64;
			};
			name = Release;
		};
		D651190D2041A9B400805001 /* Debug */ = {
			isa = XCBuildConfiguration;
			buildSettings = {
				CODE_SIGN_STYLE = Automatic;
				PRODUCT_NAME = "$(TARGET_NAME)";
			};
			name = Debug;
		};
		D651190E2041A9B400805001 /* Release */ = {
			isa = XCBuildConfiguration;
			buildSettings = {
				CODE_SIGN_STYLE = Automatic;
				PRODUCT_NAME = "$(TARGET_NAME)";
			};
			name = Release;
		};
/* End XCBuildConfiguration section */

/* Begin XCConfigurationList section */
		D65119002041A9B400805001 /* Build configuration list for PBXProject "ZipPatch" */ = {
			isa = XCConfigurationList;
			buildConfigurations = (
				D651190A2041A9B400805001 /* Debug */,
				D651190B2041A9B400805001 /* Release */,
			);
			defaultConfigurationIsVisible = 0;
			defaultConfigurationName = Release;
		};
		D651190C2041A9B400805001 /* Build configuration list for PBXNativeTarget "ZipPatch" */ = {
			isa = XCConfigurationList;
			buildConfigurations = (
				D651190D2041A9B400805001 /* Debug */,
				D651190E2041A9B400805001 /* Release */,
			);
			defaultConfigurationIsVisible = 0;
			defaultConfigurationName = Release;
		};
/* End XCConfigurationList section */
	};
	rootObject = D65118FD2041A9B400805001 /* Project object */;
}
