// !$*UTF8*$!
{
	archiveVersion = 1;
	classes = {
	};
	objectVersion = 48;
	objects = {

/* Begin PBXBuildFile section */
		D6511947204243D200805001 /* apk_normalized.cpp in Sources */ = {isa = PBXBuildFile; fileRef = D6511943204243D200805001 /* apk_normalized.cpp */; };
		D651194F2042457700805001 /* Zipper.cpp in Sources */ = {isa = PBXBuildFile; fileRef = D651194D2042457700805001 /* Zipper.cpp */; };
		D6D4458120458A8500EFD0E3 /* inflate.c in Sources */ = {isa = PBXBuildFile; fileRef = D6D4445E20458A8400EFD0E3 /* inflate.c */; };
		D6D4458520458A8500EFD0E3 /* compress.c in Sources */ = {isa = PBXBuildFile; fileRef = D6D4446820458A8400EFD0E3 /* compress.c */; };
		D6D4458620458A8500EFD0E3 /* deflate.c in Sources */ = {isa = PBXBuildFile; fileRef = D6D4446B20458A8400EFD0E3 /* deflate.c */; };
		D6D445D420458ADA00EFD0E3 /* crc32.c in Sources */ = {isa = PBXBuildFile; fileRef = D6D445D120458ADA00EFD0E3 /* crc32.c */; };
		D6D445D820458AEB00EFD0E3 /* adler32.c in Sources */ = {isa = PBXBuildFile; fileRef = D6D445D720458AEB00EFD0E3 /* adler32.c */; };
		D6D445DA20458B0600EFD0E3 /* zutil.c in Sources */ = {isa = PBXBuildFile; fileRef = D6D445D920458B0600EFD0E3 /* zutil.c */; };
		D6D445DC20458B2300EFD0E3 /* inffast.c in Sources */ = {isa = PBXBuildFile; fileRef = D6D445DB20458B2300EFD0E3 /* inffast.c */; };
		D6D445E020458D4A00EFD0E3 /* inftrees.c in Sources */ = {isa = PBXBuildFile; fileRef = D6D445DF20458D4A00EFD0E3 /* inftrees.c */; };
		D6D445E220458D5900EFD0E3 /* trees.c in Sources */ = {isa = PBXBuildFile; fileRef = D6D445E120458D5900EFD0E3 /* trees.c */; };
/* End PBXBuildFile section */

/* Begin PBXCopyFilesBuildPhase section */
		D651192F2041AF8400805001 /* CopyFiles */ = {
			isa = PBXCopyFilesBuildPhase;
			buildActionMask = 2147483647;
			dstPath = /usr/share/man/man1/;
			dstSubfolderSpec = 0;
			files = (
			);
			runOnlyForDeploymentPostprocessing = 1;
		};
/* End PBXCopyFilesBuildPhase section */

/* Begin PBXFileReference section */
		D65119312041AF8400805001 /* ApkNormalized */ = {isa = PBXFileReference; explicitFileType = "compiled.mach-o.executable"; includeInIndex = 0; path = ApkNormalized; sourceTree = BUILT_PRODUCTS_DIR; };
		D6511943204243D200805001 /* apk_normalized.cpp */ = {isa = PBXFileReference; fileEncoding = 4; lastKnownFileType = sourcecode.cpp.cpp; name = apk_normalized.cpp; path = ../../apk_normalized.cpp; sourceTree = "<group>"; };
		D651194D2042457700805001 /* Zipper.cpp */ = {isa = PBXFileReference; fileEncoding = 4; lastKnownFileType = sourcecode.cpp.cpp; path = Zipper.cpp; sourceTree = "<group>"; };
		D651194E2042457700805001 /* Zipper.h */ = {isa = PBXFileReference; fileEncoding = 4; lastKnownFileType = sourcecode.c.h; path = Zipper.h; sourceTree = "<group>"; };
		D65119502043AD4900805001 /* membuf.h */ = {isa = PBXFileReference; lastKnownFileType = sourcecode.c.h; path = membuf.h; sourceTree = "<group>"; };
		D6D4445E20458A8400EFD0E3 /* inflate.c */ = {isa = PBXFileReference; fileEncoding = 4; lastKnownFileType = sourcecode.c.c; path = inflate.c; sourceTree = "<group>"; };
		D6D4446820458A8400EFD0E3 /* compress.c */ = {isa = PBXFileReference; fileEncoding = 4; lastKnownFileType = sourcecode.c.c; path = compress.c; sourceTree = "<group>"; };
		D6D4446B20458A8400EFD0E3 /* deflate.c */ = {isa = PBXFileReference; fileEncoding = 4; lastKnownFileType = sourcecode.c.c; path = deflate.c; sourceTree = "<group>"; };
		D6D445D120458ADA00EFD0E3 /* crc32.c */ = {isa = PBXFileReference; fileEncoding = 4; lastKnownFileType = sourcecode.c.c; path = crc32.c; sourceTree = "<group>"; };
		D6D445D720458AEB00EFD0E3 /* adler32.c */ = {isa = PBXFileReference; fileEncoding = 4; lastKnownFileType = sourcecode.c.c; path = adler32.c; sourceTree = "<group>"; };
		D6D445D920458B0600EFD0E3 /* zutil.c */ = {isa = PBXFileReference; fileEncoding = 4; lastKnownFileType = sourcecode.c.c; path = zutil.c; sourceTree = "<group>"; };
		D6D445DB20458B2300EFD0E3 /* inffast.c */ = {isa = PBXFileReference; fileEncoding = 4; lastKnownFileType = sourcecode.c.c; path = inffast.c; sourceTree = "<group>"; };
		D6D445DF20458D4A00EFD0E3 /* inftrees.c */ = {isa = PBXFileReference; fileEncoding = 4; lastKnownFileType = sourcecode.c.c; path = inftrees.c; sourceTree = "<group>"; };
		D6D445E120458D5900EFD0E3 /* trees.c */ = {isa = PBXFileReference; fileEncoding = 4; lastKnownFileType = sourcecode.c.c; path = trees.c; sourceTree = "<group>"; };
/* End PBXFileReference section */

/* Begin PBXFrameworksBuildPhase section */
		D651192E2041AF8400805001 /* Frameworks */ = {
			isa = PBXFrameworksBuildPhase;
			buildActionMask = 2147483647;
			files = (
			);
			runOnlyForDeploymentPostprocessing = 0;
		};
/* End PBXFrameworksBuildPhase section */

/* Begin PBXGroup section */
		D65119282041AF8400805001 = {
			isa = PBXGroup;
			children = (
				D6D4445B20458A8400EFD0E3 /* zlib1.2.11 */,
				D6511943204243D200805001 /* apk_normalized.cpp */,
				D6511944204243D200805001 /* patch */,
				D65119322041AF8400805001 /* Products */,
			);
			sourceTree = "<group>";
		};
		D65119322041AF8400805001 /* Products */ = {
			isa = PBXGroup;
			children = (
				D65119312041AF8400805001 /* ApkNormalized */,
			);
			name = Products;
			sourceTree = "<group>";
		};
		D6511944204243D200805001 /* patch */ = {
			isa = PBXGroup;
			children = (
				D651194D2042457700805001 /* Zipper.cpp */,
				D651194E2042457700805001 /* Zipper.h */,
				D65119502043AD4900805001 /* membuf.h */,
			);
			name = patch;
			path = ../../src/patch;
			sourceTree = "<group>";
		};
		D6D4445B20458A8400EFD0E3 /* zlib1.2.11 */ = {
			isa = PBXGroup;
			children = (
				D6D445D720458AEB00EFD0E3 /* adler32.c */,
				D6D4446820458A8400EFD0E3 /* compress.c */,
				D6D445D120458ADA00EFD0E3 /* crc32.c */,
				D6D4446B20458A8400EFD0E3 /* deflate.c */,
				D6D445DB20458B2300EFD0E3 /* inffast.c */,
				D6D4445E20458A8400EFD0E3 /* inflate.c */,
				D6D445DF20458D4A00EFD0E3 /* inftrees.c */,
				D6D445E120458D5900EFD0E3 /* trees.c */,
				D6D445D920458B0600EFD0E3 /* zutil.c */,
			);
			name = zlib1.2.11;
			path = ../../zlib1.2.11;
			sourceTree = "<group>";
		};
/* End PBXGroup section */

/* Begin PBXNativeTarget section */
		D65119302041AF8400805001 /* ApkNormalized */ = {
			isa = PBXNativeTarget;
			buildConfigurationList = D65119382041AF8400805001 /* Build configuration list for PBXNativeTarget "ApkNormalized" */;
			buildPhases = (
				D651192D2041AF8400805001 /* Sources */,
				D651192E2041AF8400805001 /* Frameworks */,
				D651192F2041AF8400805001 /* CopyFiles */,
			);
			buildRules = (
			);
			dependencies = (
			);
			name = ApkNormalized;
			productName = ApkNormalized;
			productReference = D65119312041AF8400805001 /* ApkNormalized */;
			productType = "com.apple.product-type.tool";
		};
/* End PBXNativeTarget section */

/* Begin PBXProject section */
		D65119292041AF8400805001 /* Project object */ = {
			isa = PBXProject;
			attributes = {
				LastUpgradeCheck = 0920;
				ORGANIZATIONNAME = housisong;
				TargetAttributes = {
					D65119302041AF8400805001 = {
						CreatedOnToolsVersion = 9.2;
						ProvisioningStyle = Automatic;
					};
				};
			};
			buildConfigurationList = D651192C2041AF8400805001 /* Build configuration list for PBXProject "ApkNormalized" */;
			compatibilityVersion = "Xcode 8.0";
			developmentRegion = en;
			hasScannedForEncodings = 0;
			knownRegions = (
				en,
			);
			mainGroup = D65119282041AF8400805001;
			productRefGroup = D65119322041AF8400805001 /* Products */;
			projectDirPath = "";
			projectRoot = "";
			targets = (
				D65119302041AF8400805001 /* ApkNormalized */,
			);
		};
/* End PBXProject section */

/* Begin PBXSourcesBuildPhase section */
		D651192D2041AF8400805001 /* Sources */ = {
			isa = PBXSourcesBuildPhase;
			buildActionMask = 2147483647;
			files = (
				D6D445E220458D5900EFD0E3 /* trees.c in Sources */,
				D651194F2042457700805001 /* Zipper.cpp in Sources */,
				D6511947204243D200805001 /* apk_normalized.cpp in Sources */,
				D6D445D820458AEB00EFD0E3 /* adler32.c in Sources */,
				D6D4458120458A8500EFD0E3 /* inflate.c in Sources */,
				D6D445DA20458B0600EFD0E3 /* zutil.c in Sources */,
				D6D445E020458D4A00EFD0E3 /* inftrees.c in Sources */,
				D6D445D420458ADA00EFD0E3 /* crc32.c in Sources */,
				D6D4458520458A8500EFD0E3 /* compress.c in Sources */,
				D6D445DC20458B2300EFD0E3 /* inffast.c in Sources */,
				D6D4458620458A8500EFD0E3 /* deflate.c in Sources */,
			);
			runOnlyForDeploymentPostprocessing = 0;
		};
/* End PBXSourcesBuildPhase section */

/* Begin XCBuildConfiguration section */
		D65119362041AF8400805001 /* Debug */ = {
			isa = XCBuildConfiguration;
			buildSettings = {
				ALWAYS_SEARCH_USER_PATHS = NO;
				CLANG_ANALYZER_NONNULL = YES;
				CLANG_ANALYZER_NUMBER_OBJECT_CONVERSION = YES_AGGRESSIVE;
				CLANG_CXX_LANGUAGE_STANDARD = "gnu++14";
				CLANG_CXX_LIBRARY = "libc++";
				CLANG_ENABLE_MODULES = YES;
				CLANG_ENABLE_OBJC_ARC = YES;
				CLANG_WARN_BLOCK_CAPTURE_AUTORELEASING = YES;
				CLANG_WARN_BOOL_CONVERSION = YES;
				CLANG_WARN_COMMA = YES;
				CLANG_WARN_CONSTANT_CONVERSION = YES;
				CLANG_WARN_DIRECT_OBJC_ISA_USAGE = YES_ERROR;
				CLANG_WARN_DOCUMENTATION_COMMENTS = YES;
				CLANG_WARN_EMPTY_BODY = YES;
				CLANG_WARN_ENUM_CONVERSION = YES;
				CLANG_WARN_INFINITE_RECURSION = YES;
				CLANG_WARN_INT_CONVERSION = YES;
				CLANG_WARN_NON_LITERAL_NULL_CONVERSION = YES;
				CLANG_WARN_OBJC_LITERAL_CONVERSION = YES;
				CLANG_WARN_OBJC_ROOT_CLASS = YES_ERROR;
				CLANG_WARN_RANGE_LOOP_ANALYSIS = YES;
				CLANG_WARN_STRICT_PROTOTYPES = YES;
				CLANG_WARN_SUSPICIOUS_MOVE = YES;
				CLANG_WARN_UNGUARDED_AVAILABILITY = YES_AGGRESSIVE;
				CLANG_WARN_UNREACHABLE_CODE = YES;
				CLANG_WARN__DUPLICATE_METHOD_MATCH = YES;
				CODE_SIGN_IDENTITY = "-";
				COPY_PHASE_STRIP = NO;
				DEBUG_INFORMATION_FORMAT = dwarf;
				ENABLE_STRICT_OBJC_MSGSEND = YES;
				ENABLE_TESTABILITY = YES;
				GCC_C_LANGUAGE_STANDARD = gnu11;
				GCC_DYNAMIC_NO_PIC = NO;
				GCC_NO_COMMON_BLOCKS = YES;
				GCC_OPTIMIZATION_LEVEL = 0;
				GCC_PREPROCESSOR_DEFINITIONS = (
					"DEBUG=1",
					"$(inherited)",
				);
				GCC_WARN_64_TO_32_BIT_CONVERSION = YES;
				GCC_WARN_ABOUT_RETURN_TYPE = YES_ERROR;
				GCC_WARN_UNDECLARED_SELECTOR = YES;
				GCC_WARN_UNINITIALIZED_AUTOS = YES_AGGRESSIVE;
				GCC_WARN_UNUSED_FUNCTION = YES;
				GCC_WARN_UNUSED_VARIABLE = YES;
				MACOSX_DEPLOYMENT_TARGET = 10.13;
				MTL_ENABLE_DEBUG_INFO = YES;
				ONLY_ACTIVE_ARCH = YES;
				SDKROOT = macosx;
			};
			name = Debug;
		};
		D65119372041AF8400805001 /* Release */ = {
			isa = XCBuildConfiguration;
			buildSettings = {
				ALWAYS_SEARCH_USER_PATHS = NO;
				CLANG_ANALYZER_NONNULL = YES;
				CLANG_ANALYZER_NUMBER_OBJECT_CONVERSION = YES_AGGRESSIVE;
				CLANG_CXX_LANGUAGE_STANDARD = "gnu++14";
				CLANG_CXX_LIBRARY = "libc++";
				CLANG_ENABLE_MODULES = YES;
				CLANG_ENABLE_OBJC_ARC = YES;
				CLANG_WARN_BLOCK_CAPTURE_AUTORELEASING = YES;
				CLANG_WARN_BOOL_CONVERSION = YES;
				CLANG_WARN_COMMA = YES;
				CLANG_WARN_CONSTANT_CONVERSION = YES;
				CLANG_WARN_DIRECT_OBJC_ISA_USAGE = YES_ERROR;
				CLANG_WARN_DOCUMENTATION_COMMENTS = YES;
				CLANG_WARN_EMPTY_BODY = YES;
				CLANG_WARN_ENUM_CONVERSION = YES;
				CLANG_WARN_INFINITE_RECURSION = YES;
				CLANG_WARN_INT_CONVERSION = YES;
				CLANG_WARN_NON_LITERAL_NULL_CONVERSION = YES;
				CLANG_WARN_OBJC_LITERAL_CONVERSION = YES;
				CLANG_WARN_OBJC_ROOT_CLASS = YES_ERROR;
				CLANG_WARN_RANGE_LOOP_ANALYSIS = YES;
				CLANG_WARN_STRICT_PROTOTYPES = YES;
				CLANG_WARN_SUSPICIOUS_MOVE = YES;
				CLANG_WARN_UNGUARDED_AVAILABILITY = YES_AGGRESSIVE;
				CLANG_WARN_UNREACHABLE_CODE = YES;
				CLANG_WARN__DUPLICATE_METHOD_MATCH = YES;
				CODE_SIGN_IDENTITY = "-";
				COPY_PHASE_STRIP = NO;
				DEBUG_INFORMATION_FORMAT = "dwarf-with-dsym";
				ENABLE_NS_ASSERTIONS = NO;
				ENABLE_STRICT_OBJC_MSGSEND = YES;
				GCC_C_LANGUAGE_STANDARD = gnu11;
				GCC_NO_COMMON_BLOCKS = YES;
				GCC_WARN_64_TO_32_BIT_CONVERSION = YES;
				GCC_WARN_ABOUT_RETURN_TYPE = YES_ERROR;
				GCC_WARN_UNDECLARED_SELECTOR = YES;
				GCC_WARN_UNINITIALIZED_AUTOS = YES_AGGRESSIVE;
				GCC_WARN_UNUSED_FUNCTION = YES;
				GCC_WARN_UNUSED_VARIABLE = YES;
				MACOSX_DEPLOYMENT_TARGET = 10.13;
				MTL_ENABLE_DEBUG_INFO = NO;
				SDKROOT = macosx;
			};
			name = Release;
		};
		D65119392041AF8400805001 /* Debug */ = {
			isa = XCBuildConfiguration;
			buildSettings = {
				CODE_SIGN_STYLE = Automatic;
				PRODUCT_NAME = "$(TARGET_NAME)";
			};
			name = Debug;
		};
		D651193A2041AF8400805001 /* Release */ = {
			isa = XCBuildConfiguration;
			buildSettings = {
				CODE_SIGN_STYLE = Automatic;
				PRODUCT_NAME = "$(TARGET_NAME)";
			};
			name = Release;
		};
/* End XCBuildConfiguration section */

/* Begin XCConfigurationList section */
		D651192C2041AF8400805001 /* Build configuration list for PBXProject "ApkNormalized" */ = {
			isa = XCConfigurationList;
			buildConfigurations = (
				D65119362041AF8400805001 /* Debug */,
				D65119372041AF8400805001 /* Release */,
			);
			defaultConfigurationIsVisible = 0;
			defaultConfigurationName = Release;
		};
		D65119382041AF8400805001 /* Build configuration list for PBXNativeTarget "ApkNormalized" */ = {
			isa = XCConfigurationList;
			buildConfigurations = (
				D65119392041AF8400805001 /* Debug */,
				D651193A2041AF8400805001 /* Release */,
			);
			defaultConfigurationIsVisible = 0;
			defaultConfigurationName = Release;
		};
/* End XCConfigurationList section */
	};
	rootObject = D65119292041AF8400805001 /* Project object */;
}
