// !$*UTF8*$!
{
	archiveVersion = 1;
	classes = {
	};
	objectVersion = 48;
	objects = {

/* Begin PBXBuildFile section */
		D60C394120500030008A292F /* DiffData.cpp in Sources */ = {isa = PBXBuildFile; fileRef = D60C394020500030008A292F /* DiffData.cpp */; };
		D60C3947205006B1008A292F /* OldStream.cpp in Sources */ = {isa = PBXBuildFile; fileRef = D60C3945205006B1008A292F /* OldStream.cpp */; };
		D62AA01120540EEC00A61D43 /* libHDiffPatch.a in Frameworks */ = {isa = PBXBuildFile; fileRef = D62AA01220540EEC00A61D43 /* libHDiffPatch.a */; };
		D65A441A22057AE4001638A6 /* file_for_patch.c in Sources */ = {isa = PBXBuildFile; fileRef = D65A441922057AE4001638A6 /* file_for_patch.c */; };
		D671B763204E8248002D17A7 /* apk_normalized.cpp in Sources */ = {isa = PBXBuildFile; fileRef = D671B75F204E8248002D17A7 /* apk_normalized.cpp */; };
		D671B764204E8248002D17A7 /* normalized.cpp in Sources */ = {isa = PBXBuildFile; fileRef = D671B761204E8248002D17A7 /* normalized.cpp */; };
		D6888885204687F00042E2B3 /* Zipper.cpp in Sources */ = {isa = PBXBuildFile; fileRef = D6888880204687F00042E2B3 /* Zipper.cpp */; };
		D6DA37CA20468A58009AEF45 /* libzlib.a in Frameworks */ = {isa = PBXBuildFile; fileRef = D6DA37CB20468A58009AEF45 /* libzlib.a */; };
/* End PBXBuildFile section */

/* Begin PBXCopyFilesBuildPhase section */
		D651192F2041AF8400805001 /* CopyFiles */ = {
			isa = PBXCopyFilesBuildPhase;
			buildActionMask = 2147483647;
			dstPath = /usr/share/man/man1/;
			dstSubfolderSpec = 0;
			files = (
			);
			runOnlyForDeploymentPostprocessing = 1;
		};
/* End PBXCopyFilesBuildPhase section */

/* Begin PBXFileReference section */
		D60C393F20500030008A292F /* DiffData.h */ = {isa = PBXFileReference; fileEncoding = 4; lastKnownFileType = sourcecode.c.h; name = DiffData.h; path = ../../src/diff/DiffData.h; sourceTree = "<group>"; };
		D60C394020500030008A292F /* DiffData.cpp */ = {isa = PBXFileReference; fileEncoding = 4; lastKnownFileType = sourcecode.cpp.cpp; name = DiffData.cpp; path = ../../src/diff/DiffData.cpp; sourceTree = "<group>"; };
		D60C3945205006B1008A292F /* OldStream.cpp */ = {isa = PBXFileReference; fileEncoding = 4; lastKnownFileType = sourcecode.cpp.cpp; path = OldStream.cpp; sourceTree = "<group>"; };
		D60C3946205006B1008A292F /* OldStream.h */ = {isa = PBXFileReference; fileEncoding = 4; lastKnownFileType = sourcecode.c.h; path = OldStream.h; sourceTree = "<group>"; };
		D62AA01220540EEC00A61D43 /* libHDiffPatch.a */ = {isa = PBXFileReference; explicitFileType = archive.ar; path = libHDiffPatch.a; sourceTree = BUILT_PRODUCTS_DIR; };
		D65119312041AF8400805001 /* ApkNormalized */ = {isa = PBXFileReference; explicitFileType = "compiled.mach-o.executable"; includeInIndex = 0; path = ApkNormalized; sourceTree = BUILT_PRODUCTS_DIR; };
		D65A441922057AE4001638A6 /* file_for_patch.c */ = {isa = PBXFileReference; fileEncoding = 4; lastKnownFileType = sourcecode.c.c; name = file_for_patch.c; path = ../../HDiffPatch/file_for_patch.c; sourceTree = "<group>"; };
		D671B75F204E8248002D17A7 /* apk_normalized.cpp */ = {isa = PBXFileReference; fileEncoding = 4; lastKnownFileType = sourcecode.cpp.cpp; name = apk_normalized.cpp; path = ../../src/apk_normalized.cpp; sourceTree = "<group>"; };
		D671B761204E8248002D17A7 /* normalized.cpp */ = {isa = PBXFileReference; fileEncoding = 4; lastKnownFileType = sourcecode.cpp.cpp; path = normalized.cpp; sourceTree = "<group>"; };
		D671B762204E8248002D17A7 /* normalized.h */ = {isa = PBXFileReference; fileEncoding = 4; lastKnownFileType = sourcecode.c.h; path = normalized.h; sourceTree = "<group>"; };
		D688887E204687F00042E2B3 /* Zipper.h */ = {isa = PBXFileReference; fileEncoding = 4; lastKnownFileType = sourcecode.c.h; path = Zipper.h; sourceTree = "<group>"; };
		D6888880204687F00042E2B3 /* Zipper.cpp */ = {isa = PBXFileReference; fileEncoding = 4; lastKnownFileType = sourcecode.cpp.cpp; path = Zipper.cpp; sourceTree = "<group>"; };
		D6DA37CB20468A58009AEF45 /* libzlib.a */ = {isa = PBXFileReference; explicitFileType = archive.ar; path = libzlib.a; sourceTree = BUILT_PRODUCTS_DIR; };
/* End PBXFileReference section */

/* Begin PBXFrameworksBuildPhase section */
		D651192E2041AF8400805001 /* Frameworks */ = {
			isa = PBXFrameworksBuildPhase;
			buildActionMask = 2147483647;
			files = (
				D62AA01120540EEC00A61D43 /* libHDiffPatch.a in Frameworks */,
				D6DA37CA20468A58009AEF45 /* libzlib.a in Frameworks */,
			);
			runOnlyForDeploymentPostprocessing = 0;
		};
/* End PBXFrameworksBuildPhase section */

/* Begin PBXGroup section */
		D60C393E20500009008A292F /* diff */ = {
			isa = PBXGroup;
			children = (
				D60C394020500030008A292F /* DiffData.cpp */,
				D60C393F20500030008A292F /* DiffData.h */,
			);
			name = diff;
			sourceTree = "<group>";
		};
		D65119282041AF8400805001 = {
			isa = PBXGroup;
			children = (
				D65A441922057AE4001638A6 /* file_for_patch.c */,
				D671B75F204E8248002D17A7 /* apk_normalized.cpp */,
				D671B760204E8248002D17A7 /* normalized */,
				D688887D204687F00042E2B3 /* patch */,
				D60C393E20500009008A292F /* diff */,
				D65119322041AF8400805001 /* Products */,
				D6DA37C920468A58009AEF45 /* Frameworks */,
			);
			sourceTree = "<group>";
		};
		D65119322041AF8400805001 /* Products */ = {
			isa = PBXGroup;
			children = (
				D65119312041AF8400805001 /* ApkNormalized */,
			);
			name = Products;
			sourceTree = "<group>";
		};
		D671B760204E8248002D17A7 /* normalized */ = {
			isa = PBXGroup;
			children = (
				D671B761204E8248002D17A7 /* normalized.cpp */,
				D671B762204E8248002D17A7 /* normalized.h */,
			);
			name = normalized;
			path = ../../src/normalized;
			sourceTree = "<group>";
		};
		D688887D204687F00042E2B3 /* patch */ = {
			isa = PBXGroup;
			children = (
				D60C3945205006B1008A292F /* OldStream.cpp */,
				D60C3946205006B1008A292F /* OldStream.h */,
				D688887E204687F00042E2B3 /* Zipper.h */,
				D6888880204687F00042E2B3 /* Zipper.cpp */,
			);
			name = patch;
			path = ../../src/patch;
			sourceTree = "<group>";
		};
		D6DA37C920468A58009AEF45 /* Frameworks */ = {
			isa = PBXGroup;
			children = (
				D62AA01220540EEC00A61D43 /* libHDiffPatch.a */,
				D6DA37CB20468A58009AEF45 /* libzlib.a */,
			);
			name = Frameworks;
			sourceTree = "<group>";
		};
/* End PBXGroup section */

/* Begin PBXNativeTarget section */
		D65119302041AF8400805001 /* ApkNormalized */ = {
			isa = PBXNativeTarget;
			buildConfigurationList = D65119382041AF8400805001 /* Build configuration list for PBXNativeTarget "ApkNormalized" */;
			buildPhases = (
				D651192D2041AF8400805001 /* Sources */,
				D651192E2041AF8400805001 /* Frameworks */,
				D651192F2041AF8400805001 /* CopyFiles */,
			);
			buildRules = (
			);
			dependencies = (
			);
			name = ApkNormalized;
			productName = ApkNormalized;
			productReference = D65119312041AF8400805001 /* ApkNormalized */;
			productType = "com.apple.product-type.tool";
		};
/* End PBXNativeTarget section */

/* Begin PBXProject section */
		D65119292041AF8400805001 /* Project object */ = {
			isa = PBXProject;
			attributes = {
				LastUpgradeCheck = 1200;
				ORGANIZATIONNAME = housisong;
				TargetAttributes = {
					D65119302041AF8400805001 = {
						CreatedOnToolsVersion = 9.2;
						ProvisioningStyle = Automatic;
					};
				};
			};
			buildConfigurationList = D651192C2041AF8400805001 /* Build configuration list for PBXProject "ApkNormalized" */;
			compatibilityVersion = "Xcode 8.0";
			developmentRegion = en;
			hasScannedForEncodings = 0;
			knownRegions = (
				en,
				Base,
			);
			mainGroup = D65119282041AF8400805001;
			productRefGroup = D65119322041AF8400805001 /* Products */;
			projectDirPath = "";
			projectRoot = "";
			targets = (
				D65119302041AF8400805001 /* ApkNormalized */,
			);
		};
/* End PBXProject section */

/* Begin PBXSourcesBuildPhase section */
		D651192D2041AF8400805001 /* Sources */ = {
			isa = PBXSourcesBuildPhase;
			buildActionMask = 2147483647;
			files = (
				D65A441A22057AE4001638A6 /* file_for_patch.c in Sources */,
				D671B764204E8248002D17A7 /* normalized.cpp in Sources */,
				D6888885204687F00042E2B3 /* Zipper.cpp in Sources */,
				D60C394120500030008A292F /* DiffData.cpp in Sources */,
				D671B763204E8248002D17A7 /* apk_normalized.cpp in Sources */,
				D60C3947205006B1008A292F /* OldStream.cpp in Sources */,
			);
			runOnlyForDeploymentPostprocessing = 0;
		};
/* End PBXSourcesBuildPhase section */

/* Begin XCBuildConfiguration section */
		D65119362041AF8400805001 /* Debug */ = {
			isa = XCBuildConfiguration;
			buildSettings = {
				ALWAYS_SEARCH_USER_PATHS = NO;
				CLANG_ANALYZER_NONNULL = YES;
				CLANG_ANALYZER_NUMBER_OBJECT_CONVERSION = YES_AGGRESSIVE;
				CLANG_CXX_LIBRARY = "libc++";
				CLANG_ENABLE_MODULES = YES;
				CLANG_ENABLE_OBJC_ARC = YES;
				CLANG_WARN_BLOCK_CAPTURE_AUTORELEASING = YES;
				CLANG_WARN_BOOL_CONVERSION = YES;
				CLANG_WARN_COMMA = YES;
				CLANG_WARN_CONSTANT_CONVERSION = YES;
				CLANG_WARN_DEPRECATED_OBJC_IMPLEMENTATIONS = YES;
				CLANG_WARN_DIRECT_OBJC_ISA_USAGE = YES_ERROR;
				CLANG_WARN_DOCUMENTATION_COMMENTS = YES;
				CLANG_WARN_EMPTY_BODY = YES;
				CLANG_WARN_ENUM_CONVERSION = YES;
				CLANG_WARN_INFINITE_RECURSION = YES;
				CLANG_WARN_INT_CONVERSION = YES;
				CLANG_WARN_NON_LITERAL_NULL_CONVERSION = YES;
				CLANG_WARN_OBJC_IMPLICIT_RETAIN_SELF = YES;
				CLANG_WARN_OBJC_LITERAL_CONVERSION = YES;
				CLANG_WARN_OBJC_ROOT_CLASS = YES_ERROR;
				CLANG_WARN_QUOTED_INCLUDE_IN_FRAMEWORK_HEADER = YES;
				CLANG_WARN_RANGE_LOOP_ANALYSIS = YES;
				CLANG_WARN_STRICT_PROTOTYPES = YES;
				CLANG_WARN_SUSPICIOUS_MOVE = YES;
				CLANG_WARN_UNGUARDED_AVAILABILITY = YES_AGGRESSIVE;
				CLANG_WARN_UNREACHABLE_CODE = YES;
				CLANG_WARN__DUPLICATE_METHOD_MATCH = YES;
				CODE_SIGN_IDENTITY = "-";
				DEBUG_INFORMATION_FORMAT = dwarf;
				ENABLE_STRICT_OBJC_MSGSEND = YES;
				ENABLE_TESTABILITY = YES;
				GCC_DYNAMIC_NO_PIC = NO;
				GCC_NO_COMMON_BLOCKS = YES;
				GCC_OPTIMIZATION_LEVEL = 0;
				GCC_PREPROCESSOR_DEFINITIONS = (
					"DEBUG=1",
					"$(inherited)",
				);
				GCC_WARN_64_TO_32_BIT_CONVERSION = YES;
				GCC_WARN_ABOUT_RETURN_TYPE = YES_ERROR;
				GCC_WARN_UNDECLARED_SELECTOR = YES;
				GCC_WARN_UNINITIALIZED_AUTOS = YES_AGGRESSIVE;
				GCC_WARN_UNUSED_FUNCTION = YES;
				GCC_WARN_UNUSED_VARIABLE = YES;
				MACOSX_DEPLOYMENT_TARGET = 10.9;
				MTL_ENABLE_DEBUG_INFO = YES;
				ONLY_ACTIVE_ARCH = YES;
				SDKROOT = macosx;
			};
			name = Debug;
		};
		D65119372041AF8400805001 /* Release */ = {
			isa = XCBuildConfiguration;
			buildSettings = {
				ALWAYS_SEARCH_USER_PATHS = NO;
				CLANG_ANALYZER_NONNULL = YES;
				CLANG_ANALYZER_NUMBER_OBJECT_CONVERSION = YES_AGGRESSIVE;
				CLANG_CXX_LIBRARY = "libc++";
				CLANG_ENABLE_MODULES = YES;
				CLANG_ENABLE_OBJC_ARC = YES;
				CLANG_WARN_BLOCK_CAPTURE_AUTORELEASING = YES;
				CLANG_WARN_BOOL_CONVERSION = YES;
				CLANG_WARN_COMMA = YES;
				CLANG_WARN_CONSTANT_CONVERSION = YES;
				CLANG_WARN_DEPRECATED_OBJC_IMPLEMENTATIONS = YES;
				CLANG_WARN_DIRECT_OBJC_ISA_USAGE = YES_ERROR;
				CLANG_WARN_DOCUMENTATION_COMMENTS = YES;
				CLANG_WARN_EMPTY_BODY = YES;
				CLANG_WARN_ENUM_CONVERSION = YES;
				CLANG_WARN_INFINITE_RECURSION = YES;
				CLANG_WARN_INT_CONVERSION = YES;
				CLANG_WARN_NON_LITERAL_NULL_CONVERSION = YES;
				CLANG_WARN_OBJC_IMPLICIT_RETAIN_SELF = YES;
				CLANG_WARN_OBJC_LITERAL_CONVERSION = YES;
				CLANG_WARN_OBJC_ROOT_CLASS = YES_ERROR;
				CLANG_WARN_QUOTED_INCLUDE_IN_FRAMEWORK_HEADER = YES;
				CLANG_WARN_RANGE_LOOP_ANALYSIS = YES;
				CLANG_WARN_STRICT_PROTOTYPES = YES;
				CLANG_WARN_SUSPICIOUS_MOVE = YES;
				CLANG_WARN_UNGUARDED_AVAILABILITY = YES_AGGRESSIVE;
				CLANG_WARN_UNREACHABLE_CODE = YES;
				CLANG_WARN__DUPLICATE_METHOD_MATCH = YES;
				CODE_SIGN_IDENTITY = "-";
				DEAD_CODE_STRIPPING = YES;
				DEBUG_INFORMATION_FORMAT = "dwarf-with-dsym";
				DEPLOYMENT_POSTPROCESSING = YES;
				ENABLE_NS_ASSERTIONS = NO;
				ENABLE_STRICT_OBJC_MSGSEND = YES;
				GCC_NO_COMMON_BLOCKS = YES;
				GCC_OPTIMIZATION_LEVEL = s;
				GCC_WARN_64_TO_32_BIT_CONVERSION = YES;
				GCC_WARN_ABOUT_RETURN_TYPE = YES_ERROR;
				GCC_WARN_UNDECLARED_SELECTOR = YES;
				GCC_WARN_UNINITIALIZED_AUTOS = YES_AGGRESSIVE;
				GCC_WARN_UNUSED_FUNCTION = YES;
				GCC_WARN_UNUSED_VARIABLE = YES;
				MACOSX_DEPLOYMENT_TARGET = 10.9;
				MTL_ENABLE_DEBUG_INFO = NO;
				SDKROOT = macosx;
			};
			name = Release;
		};
		D65119392041AF8400805001 /* Debug */ = {
			isa = XCBuildConfiguration;
			buildSettings = {
				CLANG_CXX_LANGUAGE_STANDARD = "compiler-default";
				CODE_SIGN_IDENTITY = "-";
				CODE_SIGN_STYLE = Automatic;
				GCC_C_LANGUAGE_STANDARD = "compiler-default";
				PRODUCT_NAME = "$(TARGET_NAME)";
			};
			name = Debug;
		};
		D651193A2041AF8400805001 /* Release */ = {
			isa = XCBuildConfiguration;
			buildSettings = {
				CLANG_CXX_LANGUAGE_STANDARD = "compiler-default";
				CODE_SIGN_IDENTITY = "-";
				CODE_SIGN_STYLE = Automatic;
				GCC_C_LANGUAGE_STANDARD = "compiler-default";
				GCC_OPTIMIZATION_LEVEL = fast;
				PRODUCT_NAME = "$(TARGET_NAME)";
			};
			name = Release;
		};
/* End XCBuildConfiguration section */

/* Begin XCConfigurationList section */
		D651192C2041AF8400805001 /* Build configuration list for PBXProject "ApkNormalized" */ = {
			isa = XCConfigurationList;
			buildConfigurations = (
				D65119362041AF8400805001 /* Debug */,
				D65119372041AF8400805001 /* Release */,
			);
			defaultConfigurationIsVisible = 0;
			defaultConfigurationName = Release;
		};
		D65119382041AF8400805001 /* Build configuration list for PBXNativeTarget "ApkNormalized" */ = {
			isa = XCConfigurationList;
			buildConfigurations = (
				D65119392041AF8400805001 /* Debug */,
				D651193A2041AF8400805001 /* Release */,
			);
			defaultConfigurationIsVisible = 0;
			defaultConfigurationName = Release;
		};
/* End XCConfigurationList section */
	};
	rootObject = D65119292041AF8400805001 /* Project object */;
}
